
Microsoft Visual Studio Solution File, Format Version 12.00
# Visual Studio 15
VisualStudioVersion = 15.0.28010.2019
MinimumVisualStudioVersion = 10.0.40219.1
Project("{FAE04EC0-301F-11D3-BF4B-00C04F79EFBC}") = "Game.Windows", "Game.Windows\Game.Windows.csproj", "{D2467C46-3A12-4FCC-82AB-AF7551A968D8}"
EndProject
Global
	GlobalSection(SolutionConfigurationPlatforms) = preSolution
		Debug|Any CPU = Debug|Any CPU
		Release|Any CPU = Release|Any CPU
	EndGlobalSection
	GlobalSection(ProjectConfigurationPlatforms) = postSolution
		{D2467C46-3A12-4FCC-82AB-AF7551A968D8}.Debug|Any CPU.ActiveCfg = Debug|Any CPU
		{D2467C46-3A12-4FCC-82AB-AF7551A968D8}.Debug|Any CPU.Build.0 = Debug|Any CPU
		{D2467C46-3A12-4FCC-82AB-AF7551A968D8}.Release|Any CPU.ActiveCfg = Release|Any CPU
		{D2467C46-3A12-4FCC-82AB-AF7551A968D8}.Release|Any CPU.Build.0 = Release|Any CPU
	EndGlobalSection
	GlobalSection(SolutionProperties) = preSolution
		HideSolutionNode = FALSE
	EndGlobalSection
	GlobalSection(ExtensibilityGlobals) = postSolution
		SolutionGuid = {98D59E12-F076-48EB-AE48-0818B0C98AED}
	EndGlobalSection
EndGlobal
